
Microsoft Visual Studio Solution File, Format Version 12.00
# Visual Studio Version 16
VisualStudioVersion = 25.0.1703.4
MinimumVisualStudioVersion = 10.0.40219.1
Project("{FAE04EC0-301F-11D3-BF4B-00C04F79EFBC}") = "api-call-activity", "api-call-activity.csproj", "{A9F2FD4C-7E0B-4B9D-9F2B-94F97BE7D960}"
EndProject
Global
	GlobalSection(SolutionConfigurationPlatforms) = preSolution
		Debug|Any CPU = Debug|Any CPU
		Release|Any CPU = Release|Any CPU
	EndGlobalSection
	GlobalSection(ProjectConfigurationPlatforms) = postSolution
		{A9F2FD4C-7E0B-4B9D-9F2B-94F97BE7D960}.Debug|Any CPU.ActiveCfg = Debug|Any CPU
		{A9F2FD4C-7E0B-4B9D-9F2B-94F97BE7D960}.Debug|Any CPU.Build.0 = Debug|Any CPU
		{A9F2FD4C-7E0B-4B9D-9F2B-94F97BE7D960}.Release|Any CPU.ActiveCfg = Release|Any CPU
		{A9F2FD4C-7E0B-4B9D-9F2B-94F97BE7D960}.Release|Any CPU.Build.0 = Release|Any CPU
	EndGlobalSection
	GlobalSection(SolutionProperties) = preSolution
		HideSolutionNode = FALSE
	EndGlobalSection
	GlobalSection(ExtensibilityGlobals) = postSolution
		SolutionGuid = {3C39F97F-5C71-4981-AF63-02F056C8D8E1}
	EndGlobalSection
EndGlobal
